# This file is autogenerated, do not edit; changes may be undone by the next 'dep ensure'.


[[projects]]
  branch = "master"
  name = "github.com/quii/learn-go-with-tests"
  packages = ["command-line/v1"]
  revision = "384c25c1b4328caef9c6fa4f3c2ec5553115fcfa"

[solve-meta]
  analyzer-name = "dep"
  analyzer-version = 1
  inputs-digest = "a537ed518f76bea9ac7ca71b5e3ffbf77f12e45851e8921af09b73529408211c"
  solver-name = "gps-cdcl"
  solver-version = 1
